<?xml version="1.0" encoding="utf-8"?>
<Project ToolsVersion="4.0" xmlns="http://schemas.microsoft.com/developer/msbuild/2003">
  <ItemGroup>
    <Filter Include="Diezel">
      <UniqueIdentifier>{225323AE-0EF5-4D84-F7AF-61D8E3F0D4D4}</UniqueIdentifier>
    </Filter>
    <Filter Include="Diezel\Events">
      <UniqueIdentifier>{C6E4FB8C-32A5-77C3-FBDF-C040675FBC9F}</UniqueIdentifier>
    </Filter>
    <Filter Include="Platform">
      <UniqueIdentifier>{2AC788B4-1694-E3BF-3FAD-D1672BD9184E}</UniqueIdentifier>
    </Filter>
    <Filter Include="Platform\Windows">
      <UniqueIdentifier>{64FBD71A-50F4-F66C-7926-DCF1657ED678}</UniqueIdentifier>
    </Filter>
  </ItemGroup>
  <ItemGroup>
    <ClInclude Include="src\Diezel.h" />
    <ClInclude Include="src\Diezel\Application.h">
      <Filter>Diezel</Filter>
    </ClInclude>
    <ClInclude Include="src\Diezel\Core.h">
      <Filter>Diezel</Filter>
    </ClInclude>
    <ClInclude Include="src\Diezel\EntryPoint.h">
      <Filter>Diezel</Filter>
    </ClInclude>
    <ClInclude Include="src\Diezel\Events\ApplicationEvent.h">
      <Filter>Diezel\Events</Filter>
    </ClInclude>
    <ClInclude Include="src\Diezel\Events\Event.h">
      <Filter>Diezel\Events</Filter>
    </ClInclude>
    <ClInclude Include="src\Diezel\Events\KeyEvent.h">
      <Filter>Diezel\Events</Filter>
    </ClInclude>
    <ClInclude Include="src\Diezel\Events\MouseEvent.h">
      <Filter>Diezel\Events</Filter>
    </ClInclude>
    <ClInclude Include="src\Diezel\Log.h">
      <Filter>Diezel</Filter>
    </ClInclude>
    <ClInclude Include="src\Diezel\Window.h">
      <Filter>Diezel</Filter>
    </ClInclude>
    <ClInclude Include="src\Platform\Windows\WindowsWindow.h">
      <Filter>Platform\Windows</Filter>
    </ClInclude>
    <ClInclude Include="src\dzpch.h" />
  </ItemGroup>
  <ItemGroup>
    <ClCompile Include="src\Diezel\Application.cpp">
      <Filter>Diezel</Filter>
    </ClCompile>
    <ClCompile Include="src\Diezel\Log.cpp">
      <Filter>Diezel</Filter>
    </ClCompile>
    <ClCompile Include="src\Platform\Windows\WindowsWindow.cpp">
      <Filter>Platform\Windows</Filter>
    </ClCompile>
    <ClCompile Include="src\dzpch.cpp" />
  </ItemGroup>
</Project>