<?xml version="1.0" encoding="utf-8"?>
<Project ToolsVersion="4.0" xmlns="http://schemas.microsoft.com/developer/msbuild/2003">
  <ItemGroup>
    <Filter Include="Diezel">
      <UniqueIdentifier>{225323AE-0EF5-4D84-F7AF-61D8E3F0D4D4}</UniqueIdentifier>
    </Filter>
  </ItemGroup>
  <ItemGroup>
    <ClInclude Include="src\Diezel.h" />
    <ClInclude Include="src\Diezel\Application.h">
      <Filter>Diezel</Filter>
    </ClInclude>
    <ClInclude Include="src\Diezel\Core.h">
      <Filter>Diezel</Filter>
    </ClInclude>
    <ClInclude Include="src\Diezel\EntryPoint.h">
      <Filter>Diezel</Filter>
    </ClInclude>
    <ClInclude Include="src\Diezel\Log.h">
      <Filter>Diezel</Filter>
    </ClInclude>
  </ItemGroup>
  <ItemGroup>
    <ClCompile Include="src\Diezel\Application.cpp">
      <Filter>Diezel</Filter>
    </ClCompile>
    <ClCompile Include="src\Diezel\Log.cpp">
      <Filter>Diezel</Filter>
    </ClCompile>
  </ItemGroup>
</Project>